
Microsoft Visual Studio Solution File, Format Version 12.00
# Visual Studio Version 17
VisualStudioVersion = 17.1.32210.238
MinimumVisualStudioVersion = 10.0.40219.1
Project("{FAE04EC0-301F-11D3-BF4B-00C04F79EFBC}") = "WebAPIwithControllers", "WebAPIwithControllers.csproj", "{EA8EC37A-183C-4552-B5ED-A38AFBBC12F5}"
EndProject
Global
	GlobalSection(SolutionConfigurationPlatforms) = preSolution
		Debug|Any CPU = Debug|Any CPU
		Release|Any CPU = Release|Any CPU
	EndGlobalSection
	GlobalSection(ProjectConfigurationPlatforms) = postSolution
		{EA8EC37A-183C-4552-B5ED-A38AFBBC12F5}.Debug|Any CPU.ActiveCfg = Debug|Any CPU
		{EA8EC37A-183C-4552-B5ED-A38AFBBC12F5}.Debug|Any CPU.Build.0 = Debug|Any CPU
		{EA8EC37A-183C-4552-B5ED-A38AFBBC12F5}.Release|Any CPU.ActiveCfg = Release|Any CPU
		{EA8EC37A-183C-4552-B5ED-A38AFBBC12F5}.Release|Any CPU.Build.0 = Release|Any CPU
	EndGlobalSection
	GlobalSection(SolutionProperties) = preSolution
		HideSolutionNode = FALSE
	EndGlobalSection
	GlobalSection(ExtensibilityGlobals) = postSolution
		SolutionGuid = {15315ACD-FA2D-4B4C-B104-F6F10960FCD8}
	EndGlobalSection
EndGlobal
